
Microsoft Visual Studio Solution File, Format Version 12.00
# Visual Studio 15
VisualStudioVersion = 15.0.26730.12
MinimumVisualStudioVersion = 10.0.40219.1
Project("{9A19103F-16F7-4668-BE54-9A1E7A4F7556}") = "Exoft.Security.OAuthServer", "Exoft.Security.OAuthServer\Exoft.Security.OAuthServer.csproj", "{4BE4938E-7E26-46F9-975B-C1B7094A609D}"
EndProject
Project("{9A19103F-16F7-4668-BE54-9A1E7A4F7556}") = "Exoft.Security.OAuthServer.Providers", "Exoft.Security.OAuthServer.Providers\Exoft.Security.OAuthServer.Providers.csproj", "{1432C287-4BA8-4BAA-8042-E0E661932A74}"
EndProject
Project("{9A19103F-16F7-4668-BE54-9A1E7A4F7556}") = "Exoft.Security.OAuthServer.Samples", "Exoft.Security.OAuthServer.Samples\Exoft.Security.OAuthServer.Samples.csproj", "{6866742C-D779-4002-B4C7-EC2858306FB2}"
EndProject
Global
	GlobalSection(SolutionConfigurationPlatforms) = preSolution
		Debug|Any CPU = Debug|Any CPU
		Release|Any CPU = Release|Any CPU
	EndGlobalSection
	GlobalSection(ProjectConfigurationPlatforms) = postSolution
		{4BE4938E-7E26-46F9-975B-C1B7094A609D}.Debug|Any CPU.ActiveCfg = Debug|Any CPU
		{4BE4938E-7E26-46F9-975B-C1B7094A609D}.Debug|Any CPU.Build.0 = Debug|Any CPU
		{4BE4938E-7E26-46F9-975B-C1B7094A609D}.Release|Any CPU.ActiveCfg = Release|Any CPU
		{4BE4938E-7E26-46F9-975B-C1B7094A609D}.Release|Any CPU.Build.0 = Release|Any CPU
		{1432C287-4BA8-4BAA-8042-E0E661932A74}.Debug|Any CPU.ActiveCfg = Debug|Any CPU
		{1432C287-4BA8-4BAA-8042-E0E661932A74}.Debug|Any CPU.Build.0 = Debug|Any CPU
		{1432C287-4BA8-4BAA-8042-E0E661932A74}.Release|Any CPU.ActiveCfg = Release|Any CPU
		{1432C287-4BA8-4BAA-8042-E0E661932A74}.Release|Any CPU.Build.0 = Release|Any CPU
		{6866742C-D779-4002-B4C7-EC2858306FB2}.Debug|Any CPU.ActiveCfg = Debug|Any CPU
		{6866742C-D779-4002-B4C7-EC2858306FB2}.Debug|Any CPU.Build.0 = Debug|Any CPU
		{6866742C-D779-4002-B4C7-EC2858306FB2}.Release|Any CPU.ActiveCfg = Release|Any CPU
		{6866742C-D779-4002-B4C7-EC2858306FB2}.Release|Any CPU.Build.0 = Release|Any CPU
	EndGlobalSection
	GlobalSection(SolutionProperties) = preSolution
		HideSolutionNode = FALSE
	EndGlobalSection
	GlobalSection(ExtensibilityGlobals) = postSolution
		SolutionGuid = {8D02CFDF-0E7C-4396-B699-F073BD603D38}
	EndGlobalSection
EndGlobal
